<Solution>
  <Folder Name="/src/">
    <Project Path="src/RecitingUs.Android/RecitingUs.Android.csproj" />
    <Project Path="src/RecitingUs.App/RecitingUs.App.csproj" />
    <Project Path="src/RecitingUs.Core/RecitingUs.Core.csproj" />
    <Project Path="src/RecitingUs.Tests/RecitingUs.Tests.csproj" />
  </Folder>
</Solution>
